// !$*UTF8*$!
{
	archiveVersion = 1;
	classes = {
	};
	objectVersion = 50;
	objects = {

/* Begin PBXBuildFile section */
		BE723AAB26BAF11F00C2DF87 /* AppDelegate.swift in Sources */ = {isa = PBXBuildFile; fileRef = BE723AAA26BAF11F00C2DF87 /* AppDelegate.swift */; };
		BE723AAD26BAF11F00C2DF87 /* SceneDelegate.swift in Sources */ = {isa = PBXBuildFile; fileRef = BE723AAC26BAF11F00C2DF87 /* SceneDelegate.swift */; };
		BE723AB226BAF11F00C2DF87 /* Main.storyboard in Resources */ = {isa = PBXBuildFile; fileRef = BE723AB026BAF11F00C2DF87 /* Main.storyboard */; };
		BE723AB526BAF11F00C2DF87 /* GroceryList.xcdatamodeld in Sources */ = {isa = PBXBuildFile; fileRef = BE723AB326BAF11F00C2DF87 /* GroceryList.xcdatamodeld */; };
		BE723AB726BAF13000C2DF87 /* Assets.xcassets in Resources */ = {isa = PBXBuildFile; fileRef = BE723AB626BAF13000C2DF87 /* Assets.xcassets */; };
		BE723ABA26BAF13000C2DF87 /* LaunchScreen.storyboard in Resources */ = {isa = PBXBuildFile; fileRef = BE723AB826BAF13000C2DF87 /* LaunchScreen.storyboard */; };
		BE723AC526BAF3B900C2DF87 /* GroceryTableViewController.swift in Sources */ = {isa = PBXBuildFile; fileRef = BE723AC426BAF3B900C2DF87 /* GroceryTableViewController.swift */; };
/* End PBXBuildFile section */

/* Begin PBXFileReference section */
		BE723AA726BAF11F00C2DF87 /* GrocceryList.app */ = {isa = PBXFileReference; explicitFileType = wrapper.application; includeInIndex = 0; path = GrocceryList.app; sourceTree = BUILT_PRODUCTS_DIR; };
		BE723AAA26BAF11F00C2DF87 /* AppDelegate.swift */ = {isa = PBXFileReference; lastKnownFileType = sourcecode.swift; path = AppDelegate.swift; sourceTree = "<group>"; };
		BE723AAC26BAF11F00C2DF87 /* SceneDelegate.swift */ = {isa = PBXFileReference; lastKnownFileType = sourcecode.swift; path = SceneDelegate.swift; sourceTree = "<group>"; };
		BE723AB126BAF11F00C2DF87 /* Base */ = {isa = PBXFileReference; lastKnownFileType = file.storyboard; name = Base; path = Base.lproj/Main.storyboard; sourceTree = "<group>"; };
		BE723AB426BAF11F00C2DF87 /* GrocceryList.xcdatamodel */ = {isa = PBXFileReference; lastKnownFileType = wrapper.xcdatamodel; path = GrocceryList.xcdatamodel; sourceTree = "<group>"; };
		BE723AB626BAF13000C2DF87 /* Assets.xcassets */ = {isa = PBXFileReference; lastKnownFileType = folder.assetcatalog; path = Assets.xcassets; sourceTree = "<group>"; };
		BE723AB926BAF13000C2DF87 /* Base */ = {isa = PBXFileReference; lastKnownFileType = file.storyboard; name = Base; path = Base.lproj/LaunchScreen.storyboard; sourceTree = "<group>"; };
		BE723ABB26BAF13000C2DF87 /* Info.plist */ = {isa = PBXFileReference; lastKnownFileType = text.plist.xml; path = Info.plist; sourceTree = "<group>"; };
		BE723AC426BAF3B900C2DF87 /* GroceryTableViewController.swift */ = {isa = PBXFileReference; lastKnownFileType = sourcecode.swift; path = GroceryTableViewController.swift; sourceTree = "<group>"; };
/* End PBXFileReference section */

/* Begin PBXFrameworksBuildPhase section */
		BE723AA426BAF11F00C2DF87 /* Frameworks */ = {
			isa = PBXFrameworksBuildPhase;
			buildActionMask = 2147483647;
			files = (
			);
			runOnlyForDeploymentPostprocessing = 0;
		};
/* End PBXFrameworksBuildPhase section */

/* Begin PBXGroup section */
		BE723A9E26BAF11F00C2DF87 = {
			isa = PBXGroup;
			children = (
				BE723AA926BAF11F00C2DF87 /* GrocceryList */,
				BE723AA826BAF11F00C2DF87 /* Products */,
			);
			sourceTree = "<group>";
		};
		BE723AA826BAF11F00C2DF87 /* Products */ = {
			isa = PBXGroup;
			children = (
				BE723AA726BAF11F00C2DF87 /* GrocceryList.app */,
			);
			name = Products;
			sourceTree = "<group>";
		};
		BE723AA926BAF11F00C2DF87 /* GrocceryList */ = {
			isa = PBXGroup;
			children = (
				BE723AC126BAF13900C2DF87 /* AppDelegate */,
				BE723AC226BAF14200C2DF87 /* Controller */,
				BE723AC326BAF15100C2DF87 /* View */,
				BE723AB626BAF13000C2DF87 /* Assets.xcassets */,
				BE723ABB26BAF13000C2DF87 /* Info.plist */,
				BE723AB326BAF11F00C2DF87 /* GroceryList.xcdatamodeld */,
			);
			path = GrocceryList;
			sourceTree = "<group>";
		};
		BE723AC126BAF13900C2DF87 /* AppDelegate */ = {
			isa = PBXGroup;
			children = (
				BE723AAA26BAF11F00C2DF87 /* AppDelegate.swift */,
				BE723AAC26BAF11F00C2DF87 /* SceneDelegate.swift */,
			);
			path = AppDelegate;
			sourceTree = "<group>";
		};
		BE723AC226BAF14200C2DF87 /* Controller */ = {
			isa = PBXGroup;
			children = (
				BE723AC426BAF3B900C2DF87 /* GroceryTableViewController.swift */,
			);
			path = Controller;
			sourceTree = "<group>";
		};
		BE723AC326BAF15100C2DF87 /* View */ = {
			isa = PBXGroup;
			children = (
				BE723AB026BAF11F00C2DF87 /* Main.storyboard */,
				BE723AB826BAF13000C2DF87 /* LaunchScreen.storyboard */,
			);
			path = View;
			sourceTree = "<group>";
		};
/* End PBXGroup section */

/* Begin PBXNativeTarget section */
		BE723AA626BAF11F00C2DF87 /* GrocceryList */ = {
			isa = PBXNativeTarget;
			buildConfigurationList = BE723ABE26BAF13000C2DF87 /* Build configuration list for PBXNativeTarget "GrocceryList" */;
			buildPhases = (
				BE723AA326BAF11F00C2DF87 /* Sources */,
				BE723AA426BAF11F00C2DF87 /* Frameworks */,
				BE723AA526BAF11F00C2DF87 /* Resources */,
			);
			buildRules = (
			);
			dependencies = (
			);
			name = GrocceryList;
			productName = GrocceryList;
			productReference = BE723AA726BAF11F00C2DF87 /* GrocceryList.app */;
			productType = "com.apple.product-type.application";
		};
/* End PBXNativeTarget section */

/* Begin PBXProject section */
		BE723A9F26BAF11F00C2DF87 /* Project object */ = {
			isa = PBXProject;
			attributes = {
				LastSwiftUpdateCheck = 1250;
				LastUpgradeCheck = 1250;
				TargetAttributes = {
					BE723AA626BAF11F00C2DF87 = {
						CreatedOnToolsVersion = 12.5.1;
					};
				};
			};
			buildConfigurationList = BE723AA226BAF11F00C2DF87 /* Build configuration list for PBXProject "GrocceryList" */;
			compatibilityVersion = "Xcode 9.3";
			developmentRegion = en;
			hasScannedForEncodings = 0;
			knownRegions = (
				en,
				Base,
			);
			mainGroup = BE723A9E26BAF11F00C2DF87;
			productRefGroup = BE723AA826BAF11F00C2DF87 /* Products */;
			projectDirPath = "";
			projectRoot = "";
			targets = (
				BE723AA626BAF11F00C2DF87 /* GrocceryList */,
			);
		};
/* End PBXProject section */

/* Begin PBXResourcesBuildPhase section */
		BE723AA526BAF11F00C2DF87 /* Resources */ = {
			isa = PBXResourcesBuildPhase;
			buildActionMask = 2147483647;
			files = (
				BE723ABA26BAF13000C2DF87 /* LaunchScreen.storyboard in Resources */,
				BE723AB726BAF13000C2DF87 /* Assets.xcassets in Resources */,
				BE723AB226BAF11F00C2DF87 /* Main.storyboard in Resources */,
			);
			runOnlyForDeploymentPostprocessing = 0;
		};
/* End PBXResourcesBuildPhase section */

/* Begin PBXSourcesBuildPhase section */
		BE723AA326BAF11F00C2DF87 /* Sources */ = {
			isa = PBXSourcesBuildPhase;
			buildActionMask = 2147483647;
			files = (
				BE723AAB26BAF11F00C2DF87 /* AppDelegate.swift in Sources */,
				BE723AC526BAF3B900C2DF87 /* GroceryTableViewController.swift in Sources */,
				BE723AAD26BAF11F00C2DF87 /* SceneDelegate.swift in Sources */,
				BE723AB526BAF11F00C2DF87 /* GroceryList.xcdatamodeld in Sources */,
			);
			runOnlyForDeploymentPostprocessing = 0;
		};
/* End PBXSourcesBuildPhase section */

/* Begin PBXVariantGroup section */
		BE723AB026BAF11F00C2DF87 /* Main.storyboard */ = {
			isa = PBXVariantGroup;
			children = (
				BE723AB126BAF11F00C2DF87 /* Base */,
			);
			name = Main.storyboard;
			sourceTree = "<group>";
		};
		BE723AB826BAF13000C2DF87 /* LaunchScreen.storyboard */ = {
			isa = PBXVariantGroup;
			children = (
				BE723AB926BAF13000C2DF87 /* Base */,
			);
			name = LaunchScreen.storyboard;
			sourceTree = "<group>";
		};
/* End PBXVariantGroup section */

/* Begin XCBuildConfiguration section */
		BE723ABC26BAF13000C2DF87 /* Debug */ = {
			isa = XCBuildConfiguration;
			buildSettings = {
				ALWAYS_SEARCH_USER_PATHS = NO;
				CLANG_ANALYZER_NONNULL = YES;
				CLANG_ANALYZER_NUMBER_OBJECT_CONVERSION = YES_AGGRESSIVE;
				CLANG_CXX_LANGUAGE_STANDARD = "gnu++14";
				CLANG_CXX_LIBRARY = "libc++";
				CLANG_ENABLE_MODULES = YES;
				CLANG_ENABLE_OBJC_ARC = YES;
				CLANG_ENABLE_OBJC_WEAK = YES;
				CLANG_WARN_BLOCK_CAPTURE_AUTORELEASING = YES;
				CLANG_WARN_BOOL_CONVERSION = YES;
				CLANG_WARN_COMMA = YES;
				CLANG_WARN_CONSTANT_CONVERSION = YES;
				CLANG_WARN_DEPRECATED_OBJC_IMPLEMENTATIONS = YES;
				CLANG_WARN_DIRECT_OBJC_ISA_USAGE = YES_ERROR;
				CLANG_WARN_DOCUMENTATION_COMMENTS = YES;
				CLANG_WARN_EMPTY_BODY = YES;
				CLANG_WARN_ENUM_CONVERSION = YES;
				CLANG_WARN_INFINITE_RECURSION = YES;
				CLANG_WARN_INT_CONVERSION = YES;
				CLANG_WARN_NON_LITERAL_NULL_CONVERSION = YES;
				CLANG_WARN_OBJC_IMPLICIT_RETAIN_SELF = YES;
				CLANG_WARN_OBJC_LITERAL_CONVERSION = YES;
				CLANG_WARN_OBJC_ROOT_CLASS = YES_ERROR;
				CLANG_WARN_QUOTED_INCLUDE_IN_FRAMEWORK_HEADER = YES;
				CLANG_WARN_RANGE_LOOP_ANALYSIS = YES;
				CLANG_WARN_STRICT_PROTOTYPES = YES;
				CLANG_WARN_SUSPICIOUS_MOVE = YES;
				CLANG_WARN_UNGUARDED_AVAILABILITY = YES_AGGRESSIVE;
				CLANG_WARN_UNREACHABLE_CODE = YES;
				CLANG_WARN__DUPLICATE_METHOD_MATCH = YES;
				COPY_PHASE_STRIP = NO;
				DEBUG_INFORMATION_FORMAT = dwarf;
				ENABLE_STRICT_OBJC_MSGSEND = YES;
				ENABLE_TESTABILITY = YES;
				GCC_C_LANGUAGE_STANDARD = gnu11;
				GCC_DYNAMIC_NO_PIC = NO;
				GCC_NO_COMMON_BLOCKS = YES;
				GCC_OPTIMIZATION_LEVEL = 0;
				GCC_PREPROCESSOR_DEFINITIONS = (
					"DEBUG=1",
					"$(inherited)",
				);
				GCC_WARN_64_TO_32_BIT_CONVERSION = YES;
				GCC_WARN_ABOUT_RETURN_TYPE = YES_ERROR;
				GCC_WARN_UNDECLARED_SELECTOR = YES;
				GCC_WARN_UNINITIALIZED_AUTOS = YES_AGGRESSIVE;
				GCC_WARN_UNUSED_FUNCTION = YES;
				GCC_WARN_UNUSED_VARIABLE = YES;
				IPHONEOS_DEPLOYMENT_TARGET = 14.5;
				MTL_ENABLE_DEBUG_INFO = INCLUDE_SOURCE;
				MTL_FAST_MATH = YES;
				ONLY_ACTIVE_ARCH = YES;
				SDKROOT = iphoneos;
				SWIFT_ACTIVE_COMPILATION_CONDITIONS = DEBUG;
				SWIFT_OPTIMIZATION_LEVEL = "-Onone";
			};
			name = Debug;
		};
		BE723ABD26BAF13000C2DF87 /* Release */ = {
			isa = XCBuildConfiguration;
			buildSettings = {
				ALWAYS_SEARCH_USER_PATHS = NO;
				CLANG_ANALYZER_NONNULL = YES;
				CLANG_ANALYZER_NUMBER_OBJECT_CONVERSION = YES_AGGRESSIVE;
				CLANG_CXX_LANGUAGE_STANDARD = "gnu++14";
				CLANG_CXX_LIBRARY = "libc++";
				CLANG_ENABLE_MODULES = YES;
				CLANG_ENABLE_OBJC_ARC = YES;
				CLANG_ENABLE_OBJC_WEAK = YES;
				CLANG_WARN_BLOCK_CAPTURE_AUTORELEASING = YES;
				CLANG_WARN_BOOL_CONVERSION = YES;
				CLANG_WARN_COMMA = YES;
				CLANG_WARN_CONSTANT_CONVERSION = YES;
				CLANG_WARN_DEPRECATED_OBJC_IMPLEMENTATIONS = YES;
				CLANG_WARN_DIRECT_OBJC_ISA_USAGE = YES_ERROR;
				CLANG_WARN_DOCUMENTATION_COMMENTS = YES;
				CLANG_WARN_EMPTY_BODY = YES;
				CLANG_WARN_ENUM_CONVERSION = YES;
				CLANG_WARN_INFINITE_RECURSION = YES;
				CLANG_WARN_INT_CONVERSION = YES;
				CLANG_WARN_NON_LITERAL_NULL_CONVERSION = YES;
				CLANG_WARN_OBJC_IMPLICIT_RETAIN_SELF = YES;
				CLANG_WARN_OBJC_LITERAL_CONVERSION = YES;
				CLANG_WARN_OBJC_ROOT_CLASS = YES_ERROR;
				CLANG_WARN_QUOTED_INCLUDE_IN_FRAMEWORK_HEADER = YES;
				CLANG_WARN_RANGE_LOOP_ANALYSIS = YES;
				CLANG_WARN_STRICT_PROTOTYPES = YES;
				CLANG_WARN_SUSPICIOUS_MOVE = YES;
				CLANG_WARN_UNGUARDED_AVAILABILITY = YES_AGGRESSIVE;
				CLANG_WARN_UNREACHABLE_CODE = YES;
				CLANG_WARN__DUPLICATE_METHOD_MATCH = YES;
				COPY_PHASE_STRIP = NO;
				DEBUG_INFORMATION_FORMAT = "dwarf-with-dsym";
				ENABLE_NS_ASSERTIONS = NO;
				ENABLE_STRICT_OBJC_MSGSEND = YES;
				GCC_C_LANGUAGE_STANDARD = gnu11;
				GCC_NO_COMMON_BLOCKS = YES;
				GCC_WARN_64_TO_32_BIT_CONVERSION = YES;
				GCC_WARN_ABOUT_RETURN_TYPE = YES_ERROR;
				GCC_WARN_UNDECLARED_SELECTOR = YES;
				GCC_WARN_UNINITIALIZED_AUTOS = YES_AGGRESSIVE;
				GCC_WARN_UNUSED_FUNCTION = YES;
				GCC_WARN_UNUSED_VARIABLE = YES;
				IPHONEOS_DEPLOYMENT_TARGET = 14.5;
				MTL_ENABLE_DEBUG_INFO = NO;
				MTL_FAST_MATH = YES;
				SDKROOT = iphoneos;
				SWIFT_COMPILATION_MODE = wholemodule;
				SWIFT_OPTIMIZATION_LEVEL = "-O";
				VALIDATE_PRODUCT = YES;
			};
			name = Release;
		};
		BE723ABF26BAF13000C2DF87 /* Debug */ = {
			isa = XCBuildConfiguration;
			buildSettings = {
				ASSETCATALOG_COMPILER_APPICON_NAME = AppIcon;
				ASSETCATALOG_COMPILER_GLOBAL_ACCENT_COLOR_NAME = AccentColor;
				CODE_SIGN_STYLE = Automatic;
				DEVELOPMENT_TEAM = FM6Z59USKZ;
				INFOPLIST_FILE = GrocceryList/Info.plist;
				LD_RUNPATH_SEARCH_PATHS = (
					"$(inherited)",
					"@executable_path/Frameworks",
				);
				PRODUCT_BUNDLE_IDENTIFIER = Acc.GrocceryList;
				PRODUCT_NAME = "$(TARGET_NAME)";
				SWIFT_VERSION = 5.0;
				TARGETED_DEVICE_FAMILY = "1,2";
			};
			name = Debug;
		};
		BE723AC026BAF13000C2DF87 /* Release */ = {
			isa = XCBuildConfiguration;
			buildSettings = {
				ASSETCATALOG_COMPILER_APPICON_NAME = AppIcon;
				ASSETCATALOG_COMPILER_GLOBAL_ACCENT_COLOR_NAME = AccentColor;
				CODE_SIGN_STYLE = Automatic;
				DEVELOPMENT_TEAM = FM6Z59USKZ;
				INFOPLIST_FILE = GrocceryList/Info.plist;
				LD_RUNPATH_SEARCH_PATHS = (
					"$(inherited)",
					"@executable_path/Frameworks",
				);
				PRODUCT_BUNDLE_IDENTIFIER = Acc.GrocceryList;
				PRODUCT_NAME = "$(TARGET_NAME)";
				SWIFT_VERSION = 5.0;
				TARGETED_DEVICE_FAMILY = "1,2";
			};
			name = Release;
		};
/* End XCBuildConfiguration section */

/* Begin XCConfigurationList section */
		BE723AA226BAF11F00C2DF87 /* Build configuration list for PBXProject "GrocceryList" */ = {
			isa = XCConfigurationList;
			buildConfigurations = (
				BE723ABC26BAF13000C2DF87 /* Debug */,
				BE723ABD26BAF13000C2DF87 /* Release */,
			);
			defaultConfigurationIsVisible = 0;
			defaultConfigurationName = Release;
		};
		BE723ABE26BAF13000C2DF87 /* Build configuration list for PBXNativeTarget "GrocceryList" */ = {
			isa = XCConfigurationList;
			buildConfigurations = (
				BE723ABF26BAF13000C2DF87 /* Debug */,
				BE723AC026BAF13000C2DF87 /* Release */,
			);
			defaultConfigurationIsVisible = 0;
			defaultConfigurationName = Release;
		};
/* End XCConfigurationList section */

/* Begin XCVersionGroup section */
		BE723AB326BAF11F00C2DF87 /* GroceryList.xcdatamodeld */ = {
			isa = XCVersionGroup;
			children = (
				BE723AB426BAF11F00C2DF87 /* GrocceryList.xcdatamodel */,
			);
			currentVersion = BE723AB426BAF11F00C2DF87 /* GrocceryList.xcdatamodel */;
			path = GroceryList.xcdatamodeld;
			sourceTree = "<group>";
			versionGroupType = wrapper.xcdatamodel;
		};
/* End XCVersionGroup section */
	};
	rootObject = BE723A9F26BAF11F00C2DF87 /* Project object */;
}
